<Solution>
  <Folder Name="/GitHub Action/">
    <File Path="../.github/workflows/build.yml" />
  </Folder>
  <Folder Name="/Solution Files/">
    <File Path="Directory.Build.props" />
    <File Path="Directory.Packages.props" />
  </Folder>
  <Project Path="ServiceLib.Tests/ServiceLib.Tests.csproj" />
  <Project Path="ServiceLib.UdpTest/ServiceLib.UdpTest.csproj" Id="77930428-4dc4-4130-9031-6b9e714f5d20" />
  <Project Path="ServiceLib/ServiceLib.csproj" />
  <Project Path="ColituVPN/ColituVPN.csproj" />
  <Project Path="ColituVPN.Tests/ColituVPN.Tests.csproj" />
  <Project Path="ColituKillSwitch.Core/ColituKillSwitch.Core.csproj" />
  <Project Path="ColituKillSwitchService/ColituKillSwitchService.csproj" />
</Solution>
